{
  "object": {
    "pins": [
      {
        "package": "SequenceBuilder",
        "repositoryURL": "https://github.com/andtie/SequenceBuilder",
        "state": {
          "branch": null,
          "revision": "85f7bc53c33c0024f157eec112b8d0530758acb4",
          "version": "0.0.4"
        }
      }
    ]
  },
  "version": 1
}
