{
  "object": {
    "pins": [
      {
        "package": "SequenceBuilder",
        "repositoryURL": "https://github.com/andtie/SequenceBuilder",
        "state": {
          "branch": null,
          "revision": "e7deacead96265ed85a5f90f652b2a5aa07bb49e",
          "version": "0.0.5"
        }
      }
    ]
  },
  "version": 1
}
